
Microsoft Visual Studio Solution File, Format Version 12.00
# Visual Studio Version 16
VisualStudioVersion = 16.0.31624.102
MinimumVisualStudioVersion = 10.0.40219.1
Project("{FAE04EC0-301F-11D3-BF4B-00C04F79EFBC}") = "ClientManager.DataAccessLayer", "ClientManager.DataAccessLayer\ClientManager.DataAccessLayer.csproj", "{AF5911DA-4C4F-44E5-9129-C9AB574CF2B1}"
EndProject
Project("{FAE04EC0-301F-11D3-BF4B-00C04F79EFBC}") = "ClientManager.Model", "ClientManager.Model\ClientManager.Model.csproj", "{67741205-5D65-41EF-AB43-B35F916D97B1}"
EndProject
Project("{FAE04EC0-301F-11D3-BF4B-00C04F79EFBC}") = "ClientManagerDalTests", "ClientManagerDalTests\ClientManagerDalTests.csproj", "{AC32F999-B6C6-4223-B37A-8023AA5C7C62}"
EndProject
Project("{FAE04EC0-301F-11D3-BF4B-00C04F79EFBC}") = "DatabaseVersioning", "DatabaseVersioning\DatabaseVersioning.csproj", "{ADFC97AD-2C76-494C-81B4-9A5EABFE7AD1}"
EndProject
Global
	GlobalSection(SolutionConfigurationPlatforms) = preSolution
		Debug|Any CPU = Debug|Any CPU
		Release|Any CPU = Release|Any CPU
	EndGlobalSection
	GlobalSection(ProjectConfigurationPlatforms) = postSolution
		{AF5911DA-4C4F-44E5-9129-C9AB574CF2B1}.Debug|Any CPU.ActiveCfg = Debug|Any CPU
		{AF5911DA-4C4F-44E5-9129-C9AB574CF2B1}.Debug|Any CPU.Build.0 = Debug|Any CPU
		{AF5911DA-4C4F-44E5-9129-C9AB574CF2B1}.Release|Any CPU.ActiveCfg = Release|Any CPU
		{AF5911DA-4C4F-44E5-9129-C9AB574CF2B1}.Release|Any CPU.Build.0 = Release|Any CPU
		{67741205-5D65-41EF-AB43-B35F916D97B1}.Debug|Any CPU.ActiveCfg = Debug|Any CPU
		{67741205-5D65-41EF-AB43-B35F916D97B1}.Debug|Any CPU.Build.0 = Debug|Any CPU
		{67741205-5D65-41EF-AB43-B35F916D97B1}.Release|Any CPU.ActiveCfg = Release|Any CPU
		{67741205-5D65-41EF-AB43-B35F916D97B1}.Release|Any CPU.Build.0 = Release|Any CPU
		{AC32F999-B6C6-4223-B37A-8023AA5C7C62}.Debug|Any CPU.ActiveCfg = Debug|Any CPU
		{AC32F999-B6C6-4223-B37A-8023AA5C7C62}.Debug|Any CPU.Build.0 = Debug|Any CPU
		{AC32F999-B6C6-4223-B37A-8023AA5C7C62}.Release|Any CPU.ActiveCfg = Release|Any CPU
		{AC32F999-B6C6-4223-B37A-8023AA5C7C62}.Release|Any CPU.Build.0 = Release|Any CPU
		{ADFC97AD-2C76-494C-81B4-9A5EABFE7AD1}.Debug|Any CPU.ActiveCfg = Debug|Any CPU
		{ADFC97AD-2C76-494C-81B4-9A5EABFE7AD1}.Debug|Any CPU.Build.0 = Debug|Any CPU
		{ADFC97AD-2C76-494C-81B4-9A5EABFE7AD1}.Release|Any CPU.ActiveCfg = Release|Any CPU
		{ADFC97AD-2C76-494C-81B4-9A5EABFE7AD1}.Release|Any CPU.Build.0 = Release|Any CPU
	EndGlobalSection
	GlobalSection(SolutionProperties) = preSolution
		HideSolutionNode = FALSE
	EndGlobalSection
	GlobalSection(ExtensibilityGlobals) = postSolution
		SolutionGuid = {B932100F-6894-4102-AB44-95A7E1EA991E}
	EndGlobalSection
EndGlobal
